// !$*UTF8*$!
{
	archiveVersion = 1;
	classes = {
	};
	objectVersion = 56;
	objects = {

/* Begin PBXBuildFile section */
		01108D8E2ADE2ADB00603FBF /* Strada in Frameworks */ = {isa = PBXBuildFile; productRef = 01108D8D2ADE2ADB00603FBF /* Strada */; };
		01108D922ADE2F5600603FBF /* application.min.js in Resources */ = {isa = PBXBuildFile; fileRef = 01108D912ADE2F5600603FBF /* application.min.js */; };
		01108D942AE0AE8D00603FBF /* WKWebViewConfiguration.swift in Sources */ = {isa = PBXBuildFile; fileRef = 01108D932AE0AE8D00603FBF /* WKWebViewConfiguration.swift */; };
		01108D962AE4C23E00603FBF /* Pty.swift in Sources */ = {isa = PBXBuildFile; fileRef = 01108D952AE4C23E00603FBF /* Pty.swift */; };
		011B14412ADE1664000822F4 /* AppDelegate.swift in Sources */ = {isa = PBXBuildFile; fileRef = 011B14402ADE1664000822F4 /* AppDelegate.swift */; };
		011B14432ADE1664000822F4 /* ViewController.swift in Sources */ = {isa = PBXBuildFile; fileRef = 011B14422ADE1664000822F4 /* ViewController.swift */; };
		011B14452ADE1664000822F4 /* Document.swift in Sources */ = {isa = PBXBuildFile; fileRef = 011B14442ADE1664000822F4 /* Document.swift */; };
		011B14472ADE1665000822F4 /* Assets.xcassets in Resources */ = {isa = PBXBuildFile; fileRef = 011B14462ADE1665000822F4 /* Assets.xcassets */; };
		011B14562ADE1665000822F4 /* archipelago2Tests.swift in Sources */ = {isa = PBXBuildFile; fileRef = 011B14552ADE1665000822F4 /* archipelago2Tests.swift */; };
		011B14602ADE1665000822F4 /* archipelago2UITests.swift in Sources */ = {isa = PBXBuildFile; fileRef = 011B145F2ADE1665000822F4 /* archipelago2UITests.swift */; };
		011B14622ADE1665000822F4 /* archipelago2UITestsLaunchTests.swift in Sources */ = {isa = PBXBuildFile; fileRef = 011B14612ADE1665000822F4 /* archipelago2UITestsLaunchTests.swift */; };
		011B14752ADE17BD000822F4 /* index.html in Resources */ = {isa = PBXBuildFile; fileRef = 011B14742ADE17BD000822F4 /* index.html */; };
		011B14772ADE1A7A000822F4 /* Main.storyboard in Resources */ = {isa = PBXBuildFile; fileRef = 011B14762ADE1A7A000822F4 /* Main.storyboard */; };
		011B14B42ADE23BB000822F4 /* BridgeComponent+App.swift in Sources */ = {isa = PBXBuildFile; fileRef = 011B14B32ADE23BB000822F4 /* BridgeComponent+App.swift */; };
		011B14B62ADE23EF000822F4 /* TerminalComponent.swift in Sources */ = {isa = PBXBuildFile; fileRef = 011B14B52ADE23EF000822F4 /* TerminalComponent.swift */; };
		0166EE5C2AE56F8C00061485 /* index.css in Resources */ = {isa = PBXBuildFile; fileRef = 0166EE5B2AE56F8C00061485 /* index.css */; };
		0166EE5E2AE625FF00061485 /* AboutController.swift in Sources */ = {isa = PBXBuildFile; fileRef = 0166EE5D2AE625FF00061485 /* AboutController.swift */; };
		0166EE602AE70D5F00061485 /* about.html in Resources */ = {isa = PBXBuildFile; fileRef = 0166EE5F2AE70D5F00061485 /* about.html */; };
		0166EE622AE70DD800061485 /* about.css in Resources */ = {isa = PBXBuildFile; fileRef = 0166EE612AE70DD800061485 /* about.css */; };
		0166EE642AE73F7600061485 /* SettingsController.swift in Sources */ = {isa = PBXBuildFile; fileRef = 0166EE632AE73F7600061485 /* SettingsController.swift */; };
		0166EE662AE73FC700061485 /* DraggingView.swift in Sources */ = {isa = PBXBuildFile; fileRef = 0166EE652AE73FC700061485 /* DraggingView.swift */; };
		0166EE682AE7405F00061485 /* settings.html in Resources */ = {isa = PBXBuildFile; fileRef = 0166EE672AE7405F00061485 /* settings.html */; };
		0166EE6E2AE7414D00061485 /* settings-header.css in Resources */ = {isa = PBXBuildFile; fileRef = 0166EE6A2AE7414D00061485 /* settings-header.css */; };
		0166EE6F2AE7414D00061485 /* settings-vars.css in Resources */ = {isa = PBXBuildFile; fileRef = 0166EE6B2AE7414D00061485 /* settings-vars.css */; };
		0166EE702AE7414D00061485 /* settings-general.css in Resources */ = {isa = PBXBuildFile; fileRef = 0166EE6C2AE7414D00061485 /* settings-general.css */; };
		0166EE712AE7414D00061485 /* settings-choices.css in Resources */ = {isa = PBXBuildFile; fileRef = 0166EE6D2AE7414D00061485 /* settings-choices.css */; };
		0166EE732AE74F3600061485 /* settings.min.js in Resources */ = {isa = PBXBuildFile; fileRef = 0166EE722AE74F3600061485 /* settings.min.js */; };
		0166EE752AE7507C00061485 /* TabsComponent.swift in Sources */ = {isa = PBXBuildFile; fileRef = 0166EE742AE7507C00061485 /* TabsComponent.swift */; };
		0166EE782AE8961D00061485 /* PreferenceFile.swift in Sources */ = {isa = PBXBuildFile; fileRef = 0166EE772AE8961D00061485 /* PreferenceFile.swift */; };
		0166EE7A2AE8AD1100061485 /* Config.swift in Sources */ = {isa = PBXBuildFile; fileRef = 0166EE792AE8AD1100061485 /* Config.swift */; };
		0166EE7C2AE9C16100061485 /* NSColor.swift in Sources */ = {isa = PBXBuildFile; fileRef = 0166EE7B2AE9C16100061485 /* NSColor.swift */; };
		0166EE7E2AE9C20700061485 /* TerminalWindowController.swift in Sources */ = {isa = PBXBuildFile; fileRef = 0166EE7D2AE9C20700061485 /* TerminalWindowController.swift */; };
		01847B832B005DC300BDB881 /* KeybindingsComponent.swift in Sources */ = {isa = PBXBuildFile; fileRef = 01847B822B005DC300BDB881 /* KeybindingsComponent.swift */; };
		01847B852B008FEE00BDB881 /* KeybindingCapturerComponent.swift in Sources */ = {isa = PBXBuildFile; fileRef = 01847B842B008FEE00BDB881 /* KeybindingCapturerComponent.swift */; };
		0195E7722AE9E5E1003EDDD2 /* App.swift in Sources */ = {isa = PBXBuildFile; fileRef = 0195E7712AE9E5E1003EDDD2 /* App.swift */; };
		01EC782C2AFEC00800F62F97 /* FontsComponent.swift in Sources */ = {isa = PBXBuildFile; fileRef = 01EC782B2AFEC00800F62F97 /* FontsComponent.swift */; };
		01EC782E2AFEE1DF00F62F97 /* SelectComponent.swift in Sources */ = {isa = PBXBuildFile; fileRef = 01EC782D2AFEE1DF00F62F97 /* SelectComponent.swift */; };
		01EC78302AFEF1BB00F62F97 /* CheckboxComponent.swift in Sources */ = {isa = PBXBuildFile; fileRef = 01EC782F2AFEF1BB00F62F97 /* CheckboxComponent.swift */; };
		01EC78322AFEF98400F62F97 /* TextComponent.swift in Sources */ = {isa = PBXBuildFile; fileRef = 01EC78312AFEF98400F62F97 /* TextComponent.swift */; };
		01EC78342AFF360C00F62F97 /* ColorComponent.swift in Sources */ = {isa = PBXBuildFile; fileRef = 01EC78332AFF360C00F62F97 /* ColorComponent.swift */; };
		01F2D62F2AFC85F9001DCD2C /* RadioComponent.swift in Sources */ = {isa = PBXBuildFile; fileRef = 01F2D62E2AFC85F9001DCD2C /* RadioComponent.swift */; };
/* End PBXBuildFile section */

/* Begin PBXContainerItemProxy section */
		011B14522ADE1665000822F4 /* PBXContainerItemProxy */ = {
			isa = PBXContainerItemProxy;
			containerPortal = 011B14352ADE1664000822F4 /* Project object */;
			proxyType = 1;
			remoteGlobalIDString = 011B143C2ADE1664000822F4;
			remoteInfo = archipelago2;
		};
		011B145C2ADE1665000822F4 /* PBXContainerItemProxy */ = {
			isa = PBXContainerItemProxy;
			containerPortal = 011B14352ADE1664000822F4 /* Project object */;
			proxyType = 1;
			remoteGlobalIDString = 011B143C2ADE1664000822F4;
			remoteInfo = archipelago2;
		};
/* End PBXContainerItemProxy section */

/* Begin PBXFileReference section */
		01108D912ADE2F5600603FBF /* application.min.js */ = {isa = PBXFileReference; fileEncoding = 4; lastKnownFileType = sourcecode.javascript; name = application.min.js; path = archipelago2/WebView/application.min.js; sourceTree = SOURCE_ROOT; };
		01108D932AE0AE8D00603FBF /* WKWebViewConfiguration.swift */ = {isa = PBXFileReference; lastKnownFileType = sourcecode.swift; path = WKWebViewConfiguration.swift; sourceTree = "<group>"; };
		01108D952AE4C23E00603FBF /* Pty.swift */ = {isa = PBXFileReference; lastKnownFileType = sourcecode.swift; path = Pty.swift; sourceTree = "<group>"; };
		011B143D2ADE1664000822F4 /* Archipelago.app */ = {isa = PBXFileReference; explicitFileType = wrapper.application; includeInIndex = 0; path = Archipelago.app; sourceTree = BUILT_PRODUCTS_DIR; };
		011B14402ADE1664000822F4 /* AppDelegate.swift */ = {isa = PBXFileReference; lastKnownFileType = sourcecode.swift; path = AppDelegate.swift; sourceTree = "<group>"; };
		011B14422ADE1664000822F4 /* ViewController.swift */ = {isa = PBXFileReference; lastKnownFileType = sourcecode.swift; path = ViewController.swift; sourceTree = "<group>"; };
		011B14442ADE1664000822F4 /* Document.swift */ = {isa = PBXFileReference; lastKnownFileType = sourcecode.swift; path = Document.swift; sourceTree = "<group>"; };
		011B14462ADE1665000822F4 /* Assets.xcassets */ = {isa = PBXFileReference; lastKnownFileType = folder.assetcatalog; path = Assets.xcassets; sourceTree = "<group>"; };
		011B144B2ADE1665000822F4 /* Info.plist */ = {isa = PBXFileReference; lastKnownFileType = text.plist.xml; path = Info.plist; sourceTree = "<group>"; };
		011B144C2ADE1665000822F4 /* archipelago2.entitlements */ = {isa = PBXFileReference; lastKnownFileType = text.plist.entitlements; path = archipelago2.entitlements; sourceTree = "<group>"; };
		011B14512ADE1665000822F4 /* ArchipelagoTests.xctest */ = {isa = PBXFileReference; explicitFileType = wrapper.cfbundle; includeInIndex = 0; path = ArchipelagoTests.xctest; sourceTree = BUILT_PRODUCTS_DIR; };
		011B14552ADE1665000822F4 /* archipelago2Tests.swift */ = {isa = PBXFileReference; lastKnownFileType = sourcecode.swift; path = archipelago2Tests.swift; sourceTree = "<group>"; };
		011B145B2ADE1665000822F4 /* ArchipelagoUITests.xctest */ = {isa = PBXFileReference; explicitFileType = wrapper.cfbundle; includeInIndex = 0; path = ArchipelagoUITests.xctest; sourceTree = BUILT_PRODUCTS_DIR; };
		011B145F2ADE1665000822F4 /* archipelago2UITests.swift */ = {isa = PBXFileReference; lastKnownFileType = sourcecode.swift; path = archipelago2UITests.swift; sourceTree = "<group>"; };
		011B14612ADE1665000822F4 /* archipelago2UITestsLaunchTests.swift */ = {isa = PBXFileReference; lastKnownFileType = sourcecode.swift; path = archipelago2UITestsLaunchTests.swift; sourceTree = "<group>"; };
		011B14742ADE17BD000822F4 /* index.html */ = {isa = PBXFileReference; lastKnownFileType = text.html; path = index.html; sourceTree = "<group>"; };
		011B14762ADE1A7A000822F4 /* Main.storyboard */ = {isa = PBXFileReference; lastKnownFileType = file.storyboard; path = Main.storyboard; sourceTree = "<group>"; };
		011B14B32ADE23BB000822F4 /* BridgeComponent+App.swift */ = {isa = PBXFileReference; lastKnownFileType = sourcecode.swift; path = "BridgeComponent+App.swift"; sourceTree = "<group>"; };
		011B14B52ADE23EF000822F4 /* TerminalComponent.swift */ = {isa = PBXFileReference; lastKnownFileType = sourcecode.swift; path = TerminalComponent.swift; sourceTree = "<group>"; };
		0166EE592AE55B4C00061485 /* archipelago2Release.entitlements */ = {isa = PBXFileReference; lastKnownFileType = text.plist.entitlements; path = archipelago2Release.entitlements; sourceTree = "<group>"; };
		0166EE5B2AE56F8C00061485 /* index.css */ = {isa = PBXFileReference; lastKnownFileType = text.css; path = index.css; sourceTree = "<group>"; };
		0166EE5D2AE625FF00061485 /* AboutController.swift */ = {isa = PBXFileReference; lastKnownFileType = sourcecode.swift; path = AboutController.swift; sourceTree = "<group>"; };
		0166EE5F2AE70D5F00061485 /* about.html */ = {isa = PBXFileReference; lastKnownFileType = text.html; path = about.html; sourceTree = "<group>"; };
		0166EE612AE70DD800061485 /* about.css */ = {isa = PBXFileReference; lastKnownFileType = text.css; path = about.css; sourceTree = "<group>"; };
		0166EE632AE73F7600061485 /* SettingsController.swift */ = {isa = PBXFileReference; lastKnownFileType = sourcecode.swift; path = SettingsController.swift; sourceTree = "<group>"; };
		0166EE652AE73FC700061485 /* DraggingView.swift */ = {isa = PBXFileReference; lastKnownFileType = sourcecode.swift; path = DraggingView.swift; sourceTree = "<group>"; };
		0166EE672AE7405F00061485 /* settings.html */ = {isa = PBXFileReference; lastKnownFileType = text.html; path = settings.html; sourceTree = "<group>"; };
		0166EE6A2AE7414D00061485 /* settings-header.css */ = {isa = PBXFileReference; fileEncoding = 4; lastKnownFileType = text.css; path = "settings-header.css"; sourceTree = "<group>"; };
		0166EE6B2AE7414D00061485 /* settings-vars.css */ = {isa = PBXFileReference; fileEncoding = 4; lastKnownFileType = text.css; path = "settings-vars.css"; sourceTree = "<group>"; };
		0166EE6C2AE7414D00061485 /* settings-general.css */ = {isa = PBXFileReference; fileEncoding = 4; lastKnownFileType = text.css; path = "settings-general.css"; sourceTree = "<group>"; };
		0166EE6D2AE7414D00061485 /* settings-choices.css */ = {isa = PBXFileReference; fileEncoding = 4; lastKnownFileType = text.css; path = "settings-choices.css"; sourceTree = "<group>"; };
		0166EE722AE74F3600061485 /* settings.min.js */ = {isa = PBXFileReference; fileEncoding = 4; lastKnownFileType = sourcecode.javascript; path = settings.min.js; sourceTree = "<group>"; };
		0166EE742AE7507C00061485 /* TabsComponent.swift */ = {isa = PBXFileReference; lastKnownFileType = sourcecode.swift; path = TabsComponent.swift; sourceTree = "<group>"; };
		0166EE772AE8961D00061485 /* PreferenceFile.swift */ = {isa = PBXFileReference; lastKnownFileType = sourcecode.swift; path = PreferenceFile.swift; sourceTree = "<group>"; };
		0166EE792AE8AD1100061485 /* Config.swift */ = {isa = PBXFileReference; lastKnownFileType = sourcecode.swift; path = Config.swift; sourceTree = "<group>"; };
		0166EE7B2AE9C16100061485 /* NSColor.swift */ = {isa = PBXFileReference; lastKnownFileType = sourcecode.swift; path = NSColor.swift; sourceTree = "<group>"; };
		0166EE7D2AE9C20700061485 /* TerminalWindowController.swift */ = {isa = PBXFileReference; lastKnownFileType = sourcecode.swift; path = TerminalWindowController.swift; sourceTree = "<group>"; };
		01847B822B005DC300BDB881 /* KeybindingsComponent.swift */ = {isa = PBXFileReference; lastKnownFileType = sourcecode.swift; path = KeybindingsComponent.swift; sourceTree = "<group>"; };
		01847B842B008FEE00BDB881 /* KeybindingCapturerComponent.swift */ = {isa = PBXFileReference; lastKnownFileType = sourcecode.swift; path = KeybindingCapturerComponent.swift; sourceTree = "<group>"; };
		0195E7712AE9E5E1003EDDD2 /* App.swift */ = {isa = PBXFileReference; lastKnownFileType = sourcecode.swift; path = App.swift; sourceTree = "<group>"; };
		01EC782B2AFEC00800F62F97 /* FontsComponent.swift */ = {isa = PBXFileReference; lastKnownFileType = sourcecode.swift; path = FontsComponent.swift; sourceTree = "<group>"; };
		01EC782D2AFEE1DF00F62F97 /* SelectComponent.swift */ = {isa = PBXFileReference; lastKnownFileType = sourcecode.swift; path = SelectComponent.swift; sourceTree = "<group>"; };
		01EC782F2AFEF1BB00F62F97 /* CheckboxComponent.swift */ = {isa = PBXFileReference; lastKnownFileType = sourcecode.swift; path = CheckboxComponent.swift; sourceTree = "<group>"; };
		01EC78312AFEF98400F62F97 /* TextComponent.swift */ = {isa = PBXFileReference; lastKnownFileType = sourcecode.swift; path = TextComponent.swift; sourceTree = "<group>"; };
		01EC78332AFF360C00F62F97 /* ColorComponent.swift */ = {isa = PBXFileReference; lastKnownFileType = sourcecode.swift; path = ColorComponent.swift; sourceTree = "<group>"; };
		01F2D62E2AFC85F9001DCD2C /* RadioComponent.swift */ = {isa = PBXFileReference; lastKnownFileType = sourcecode.swift; path = RadioComponent.swift; sourceTree = "<group>"; };
/* End PBXFileReference section */

/* Begin PBXFrameworksBuildPhase section */
		011B143A2ADE1664000822F4 /* Frameworks */ = {
			isa = PBXFrameworksBuildPhase;
			buildActionMask = 2147483647;
			files = (
				01108D8E2ADE2ADB00603FBF /* Strada in Frameworks */,
			);
			runOnlyForDeploymentPostprocessing = 0;
		};
		011B144E2ADE1665000822F4 /* Frameworks */ = {
			isa = PBXFrameworksBuildPhase;
			buildActionMask = 2147483647;
			files = (
			);
			runOnlyForDeploymentPostprocessing = 0;
		};
		011B14582ADE1665000822F4 /* Frameworks */ = {
			isa = PBXFrameworksBuildPhase;
			buildActionMask = 2147483647;
			files = (
			);
			runOnlyForDeploymentPostprocessing = 0;
		};
/* End PBXFrameworksBuildPhase section */

/* Begin PBXGroup section */
		011B14342ADE1664000822F4 = {
			isa = PBXGroup;
			children = (
				011B143F2ADE1664000822F4 /* archipelago2 */,
				011B14542ADE1665000822F4 /* archipelago2Tests */,
				011B145E2ADE1665000822F4 /* archipelago2UITests */,
				011B143E2ADE1664000822F4 /* Products */,
			);
			sourceTree = "<group>";
		};
		011B143E2ADE1664000822F4 /* Products */ = {
			isa = PBXGroup;
			children = (
				011B143D2ADE1664000822F4 /* Archipelago.app */,
				011B14512ADE1665000822F4 /* ArchipelagoTests.xctest */,
				011B145B2ADE1665000822F4 /* ArchipelagoUITests.xctest */,
			);
			name = Products;
			sourceTree = "<group>";
		};
		011B143F2ADE1664000822F4 /* archipelago2 */ = {
			isa = PBXGroup;
			children = (
				0166EE5A2AE55C6500061485 /* WebView */,
				0166EE592AE55B4C00061485 /* archipelago2Release.entitlements */,
				011B14B22ADE23A7000822F4 /* Strada */,
				011B14402ADE1664000822F4 /* AppDelegate.swift */,
				011B14422ADE1664000822F4 /* ViewController.swift */,
				0166EE7D2AE9C20700061485 /* TerminalWindowController.swift */,
				011B14442ADE1664000822F4 /* Document.swift */,
				011B14462ADE1665000822F4 /* Assets.xcassets */,
				011B144B2ADE1665000822F4 /* Info.plist */,
				011B144C2ADE1665000822F4 /* archipelago2.entitlements */,
				011B14762ADE1A7A000822F4 /* Main.storyboard */,
				01108D932AE0AE8D00603FBF /* WKWebViewConfiguration.swift */,
				01108D952AE4C23E00603FBF /* Pty.swift */,
				0166EE5D2AE625FF00061485 /* AboutController.swift */,
				0166EE632AE73F7600061485 /* SettingsController.swift */,
				0166EE652AE73FC700061485 /* DraggingView.swift */,
				0166EE772AE8961D00061485 /* PreferenceFile.swift */,
				0166EE792AE8AD1100061485 /* Config.swift */,
				0166EE7B2AE9C16100061485 /* NSColor.swift */,
				0195E7712AE9E5E1003EDDD2 /* App.swift */,
			);
			path = archipelago2;
			sourceTree = "<group>";
		};
		011B14542ADE1665000822F4 /* archipelago2Tests */ = {
			isa = PBXGroup;
			children = (
				011B14552ADE1665000822F4 /* archipelago2Tests.swift */,
			);
			path = archipelago2Tests;
			sourceTree = "<group>";
		};
		011B145E2ADE1665000822F4 /* archipelago2UITests */ = {
			isa = PBXGroup;
			children = (
				011B145F2ADE1665000822F4 /* archipelago2UITests.swift */,
				011B14612ADE1665000822F4 /* archipelago2UITestsLaunchTests.swift */,
			);
			path = archipelago2UITests;
			sourceTree = "<group>";
		};
		011B14B22ADE23A7000822F4 /* Strada */ = {
			isa = PBXGroup;
			children = (
				011B14B32ADE23BB000822F4 /* BridgeComponent+App.swift */,
				011B14B52ADE23EF000822F4 /* TerminalComponent.swift */,
				01847B822B005DC300BDB881 /* KeybindingsComponent.swift */,
				01847B842B008FEE00BDB881 /* KeybindingCapturerComponent.swift */,
				01EC78332AFF360C00F62F97 /* ColorComponent.swift */,
				01F2D62E2AFC85F9001DCD2C /* RadioComponent.swift */,
				01EC78312AFEF98400F62F97 /* TextComponent.swift */,
				01EC782D2AFEE1DF00F62F97 /* SelectComponent.swift */,
				01EC782B2AFEC00800F62F97 /* FontsComponent.swift */,
				0166EE742AE7507C00061485 /* TabsComponent.swift */,
				01EC782F2AFEF1BB00F62F97 /* CheckboxComponent.swift */,
			);
			path = Strada;
			sourceTree = "<group>";
		};
		0166EE5A2AE55C6500061485 /* WebView */ = {
			isa = PBXGroup;
			children = (
				0166EE6D2AE7414D00061485 /* settings-choices.css */,
				0166EE6C2AE7414D00061485 /* settings-general.css */,
				0166EE6A2AE7414D00061485 /* settings-header.css */,
				0166EE6B2AE7414D00061485 /* settings-vars.css */,
				0166EE722AE74F3600061485 /* settings.min.js */,
				01108D912ADE2F5600603FBF /* application.min.js */,
				011B14742ADE17BD000822F4 /* index.html */,
				0166EE5B2AE56F8C00061485 /* index.css */,
				0166EE5F2AE70D5F00061485 /* about.html */,
				0166EE612AE70DD800061485 /* about.css */,
				0166EE672AE7405F00061485 /* settings.html */,
			);
			path = WebView;
			sourceTree = "<group>";
		};
/* End PBXGroup section */

/* Begin PBXNativeTarget section */
		011B143C2ADE1664000822F4 /* Archipelago */ = {
			isa = PBXNativeTarget;
			buildConfigurationList = 011B14652ADE1665000822F4 /* Build configuration list for PBXNativeTarget "Archipelago" */;
			buildPhases = (
				011B14392ADE1664000822F4 /* Sources */,
				011B143A2ADE1664000822F4 /* Frameworks */,
				011B143B2ADE1664000822F4 /* Resources */,
			);
			buildRules = (
			);
			dependencies = (
			);
			name = Archipelago;
			packageProductDependencies = (
				01108D8D2ADE2ADB00603FBF /* Strada */,
			);
			productName = archipelago2;
			productReference = 011B143D2ADE1664000822F4 /* Archipelago.app */;
			productType = "com.apple.product-type.application";
		};
		011B14502ADE1665000822F4 /* ArchipelagoTests */ = {
			isa = PBXNativeTarget;
			buildConfigurationList = 011B14682ADE1665000822F4 /* Build configuration list for PBXNativeTarget "ArchipelagoTests" */;
			buildPhases = (
				011B144D2ADE1665000822F4 /* Sources */,
				011B144E2ADE1665000822F4 /* Frameworks */,
				011B144F2ADE1665000822F4 /* Resources */,
			);
			buildRules = (
			);
			dependencies = (
				011B14532ADE1665000822F4 /* PBXTargetDependency */,
			);
			name = ArchipelagoTests;
			productName = archipelago2Tests;
			productReference = 011B14512ADE1665000822F4 /* ArchipelagoTests.xctest */;
			productType = "com.apple.product-type.bundle.unit-test";
		};
		011B145A2ADE1665000822F4 /* ArchipelagoUITests */ = {
			isa = PBXNativeTarget;
			buildConfigurationList = 011B146B2ADE1665000822F4 /* Build configuration list for PBXNativeTarget "ArchipelagoUITests" */;
			buildPhases = (
				011B14572ADE1665000822F4 /* Sources */,
				011B14582ADE1665000822F4 /* Frameworks */,
				011B14592ADE1665000822F4 /* Resources */,
			);
			buildRules = (
			);
			dependencies = (
				011B145D2ADE1665000822F4 /* PBXTargetDependency */,
			);
			name = ArchipelagoUITests;
			productName = archipelago2UITests;
			productReference = 011B145B2ADE1665000822F4 /* ArchipelagoUITests.xctest */;
			productType = "com.apple.product-type.bundle.ui-testing";
		};
/* End PBXNativeTarget section */

/* Begin PBXProject section */
		011B14352ADE1664000822F4 /* Project object */ = {
			isa = PBXProject;
			attributes = {
				BuildIndependentTargetsInParallel = 1;
				LastSwiftUpdateCheck = 1500;
				LastUpgradeCheck = 1500;
				TargetAttributes = {
					011B143C2ADE1664000822F4 = {
						CreatedOnToolsVersion = 15.0;
					};
					011B14502ADE1665000822F4 = {
						CreatedOnToolsVersion = 15.0;
						TestTargetID = 011B143C2ADE1664000822F4;
					};
					011B145A2ADE1665000822F4 = {
						CreatedOnToolsVersion = 15.0;
						TestTargetID = 011B143C2ADE1664000822F4;
					};
				};
			};
			buildConfigurationList = 011B14382ADE1664000822F4 /* Build configuration list for PBXProject "Archipelago" */;
			compatibilityVersion = "Xcode 14.0";
			developmentRegion = en;
			hasScannedForEncodings = 0;
			knownRegions = (
				en,
				Base,
			);
			mainGroup = 011B14342ADE1664000822F4;
			packageReferences = (
				01108D8C2ADE2ADB00603FBF /* XCRemoteSwiftPackageReference "strada-ios" */,
			);
			productRefGroup = 011B143E2ADE1664000822F4 /* Products */;
			projectDirPath = "";
			projectRoot = "";
			targets = (
				011B143C2ADE1664000822F4 /* Archipelago */,
				011B14502ADE1665000822F4 /* ArchipelagoTests */,
				011B145A2ADE1665000822F4 /* ArchipelagoUITests */,
			);
		};
/* End PBXProject section */

/* Begin PBXResourcesBuildPhase section */
		011B143B2ADE1664000822F4 /* Resources */ = {
			isa = PBXResourcesBuildPhase;
			buildActionMask = 2147483647;
			files = (
				0166EE732AE74F3600061485 /* settings.min.js in Resources */,
				0166EE702AE7414D00061485 /* settings-general.css in Resources */,
				01108D922ADE2F5600603FBF /* application.min.js in Resources */,
				0166EE6F2AE7414D00061485 /* settings-vars.css in Resources */,
				0166EE682AE7405F00061485 /* settings.html in Resources */,
				011B14772ADE1A7A000822F4 /* Main.storyboard in Resources */,
				011B14752ADE17BD000822F4 /* index.html in Resources */,
				0166EE622AE70DD800061485 /* about.css in Resources */,
				0166EE5C2AE56F8C00061485 /* index.css in Resources */,
				0166EE712AE7414D00061485 /* settings-choices.css in Resources */,
				0166EE6E2AE7414D00061485 /* settings-header.css in Resources */,
				0166EE602AE70D5F00061485 /* about.html in Resources */,
				011B14472ADE1665000822F4 /* Assets.xcassets in Resources */,
			);
			runOnlyForDeploymentPostprocessing = 0;
		};
		011B144F2ADE1665000822F4 /* Resources */ = {
			isa = PBXResourcesBuildPhase;
			buildActionMask = 2147483647;
			files = (
			);
			runOnlyForDeploymentPostprocessing = 0;
		};
		011B14592ADE1665000822F4 /* Resources */ = {
			isa = PBXResourcesBuildPhase;
			buildActionMask = 2147483647;
			files = (
			);
			runOnlyForDeploymentPostprocessing = 0;
		};
/* End PBXResourcesBuildPhase section */

/* Begin PBXSourcesBuildPhase section */
		011B14392ADE1664000822F4 /* Sources */ = {
			isa = PBXSourcesBuildPhase;
			buildActionMask = 2147483647;
			files = (
				0166EE642AE73F7600061485 /* SettingsController.swift in Sources */,
				01EC78342AFF360C00F62F97 /* ColorComponent.swift in Sources */,
				011B14432ADE1664000822F4 /* ViewController.swift in Sources */,
				011B14412ADE1664000822F4 /* AppDelegate.swift in Sources */,
				01EC782E2AFEE1DF00F62F97 /* SelectComponent.swift in Sources */,
				0166EE662AE73FC700061485 /* DraggingView.swift in Sources */,
				0166EE7C2AE9C16100061485 /* NSColor.swift in Sources */,
				0195E7722AE9E5E1003EDDD2 /* App.swift in Sources */,
				01F2D62F2AFC85F9001DCD2C /* RadioComponent.swift in Sources */,
				01108D942AE0AE8D00603FBF /* WKWebViewConfiguration.swift in Sources */,
				01108D962AE4C23E00603FBF /* Pty.swift in Sources */,
				0166EE7A2AE8AD1100061485 /* Config.swift in Sources */,
				0166EE7E2AE9C20700061485 /* TerminalWindowController.swift in Sources */,
				01EC78322AFEF98400F62F97 /* TextComponent.swift in Sources */,
				0166EE782AE8961D00061485 /* PreferenceFile.swift in Sources */,
				01847B832B005DC300BDB881 /* KeybindingsComponent.swift in Sources */,
				011B14B62ADE23EF000822F4 /* TerminalComponent.swift in Sources */,
				01847B852B008FEE00BDB881 /* KeybindingCapturerComponent.swift in Sources */,
				011B14452ADE1664000822F4 /* Document.swift in Sources */,
				01EC782C2AFEC00800F62F97 /* FontsComponent.swift in Sources */,
				01EC78302AFEF1BB00F62F97 /* CheckboxComponent.swift in Sources */,
				011B14B42ADE23BB000822F4 /* BridgeComponent+App.swift in Sources */,
				0166EE752AE7507C00061485 /* TabsComponent.swift in Sources */,
				0166EE5E2AE625FF00061485 /* AboutController.swift in Sources */,
			);
			runOnlyForDeploymentPostprocessing = 0;
		};
		011B144D2ADE1665000822F4 /* Sources */ = {
			isa = PBXSourcesBuildPhase;
			buildActionMask = 2147483647;
			files = (
				011B14562ADE1665000822F4 /* archipelago2Tests.swift in Sources */,
			);
			runOnlyForDeploymentPostprocessing = 0;
		};
		011B14572ADE1665000822F4 /* Sources */ = {
			isa = PBXSourcesBuildPhase;
			buildActionMask = 2147483647;
			files = (
				011B14602ADE1665000822F4 /* archipelago2UITests.swift in Sources */,
				011B14622ADE1665000822F4 /* archipelago2UITestsLaunchTests.swift in Sources */,
			);
			runOnlyForDeploymentPostprocessing = 0;
		};
/* End PBXSourcesBuildPhase section */

/* Begin PBXTargetDependency section */
		011B14532ADE1665000822F4 /* PBXTargetDependency */ = {
			isa = PBXTargetDependency;
			target = 011B143C2ADE1664000822F4 /* Archipelago */;
			targetProxy = 011B14522ADE1665000822F4 /* PBXContainerItemProxy */;
		};
		011B145D2ADE1665000822F4 /* PBXTargetDependency */ = {
			isa = PBXTargetDependency;
			target = 011B143C2ADE1664000822F4 /* Archipelago */;
			targetProxy = 011B145C2ADE1665000822F4 /* PBXContainerItemProxy */;
		};
/* End PBXTargetDependency section */

/* Begin XCBuildConfiguration section */
		011B14632ADE1665000822F4 /* Debug */ = {
			isa = XCBuildConfiguration;
			buildSettings = {
				ALWAYS_SEARCH_USER_PATHS = NO;
				ASSETCATALOG_COMPILER_GENERATE_SWIFT_ASSET_SYMBOL_EXTENSIONS = YES;
				CLANG_ANALYZER_NONNULL = YES;
				CLANG_ANALYZER_NUMBER_OBJECT_CONVERSION = YES_AGGRESSIVE;
				CLANG_CXX_LANGUAGE_STANDARD = "gnu++20";
				CLANG_ENABLE_MODULES = YES;
				CLANG_ENABLE_OBJC_ARC = YES;
				CLANG_ENABLE_OBJC_WEAK = YES;
				CLANG_WARN_BLOCK_CAPTURE_AUTORELEASING = YES;
				CLANG_WARN_BOOL_CONVERSION = YES;
				CLANG_WARN_COMMA = YES;
				CLANG_WARN_CONSTANT_CONVERSION = YES;
				CLANG_WARN_DEPRECATED_OBJC_IMPLEMENTATIONS = YES;
				CLANG_WARN_DIRECT_OBJC_ISA_USAGE = YES_ERROR;
				CLANG_WARN_DOCUMENTATION_COMMENTS = YES;
				CLANG_WARN_EMPTY_BODY = YES;
				CLANG_WARN_ENUM_CONVERSION = YES;
				CLANG_WARN_INFINITE_RECURSION = YES;
				CLANG_WARN_INT_CONVERSION = YES;
				CLANG_WARN_NON_LITERAL_NULL_CONVERSION = YES;
				CLANG_WARN_OBJC_IMPLICIT_RETAIN_SELF = YES;
				CLANG_WARN_OBJC_LITERAL_CONVERSION = YES;
				CLANG_WARN_OBJC_ROOT_CLASS = YES_ERROR;
				CLANG_WARN_QUOTED_INCLUDE_IN_FRAMEWORK_HEADER = YES;
				CLANG_WARN_RANGE_LOOP_ANALYSIS = YES;
				CLANG_WARN_STRICT_PROTOTYPES = YES;
				CLANG_WARN_SUSPICIOUS_MOVE = YES;
				CLANG_WARN_UNGUARDED_AVAILABILITY = YES_AGGRESSIVE;
				CLANG_WARN_UNREACHABLE_CODE = YES;
				CLANG_WARN__DUPLICATE_METHOD_MATCH = YES;
				COPY_PHASE_STRIP = NO;
				DEBUG_INFORMATION_FORMAT = dwarf;
				ENABLE_STRICT_OBJC_MSGSEND = YES;
				ENABLE_TESTABILITY = YES;
				ENABLE_USER_SCRIPT_SANDBOXING = YES;
				GCC_C_LANGUAGE_STANDARD = gnu17;
				GCC_DYNAMIC_NO_PIC = NO;
				GCC_NO_COMMON_BLOCKS = YES;
				GCC_OPTIMIZATION_LEVEL = 0;
				GCC_PREPROCESSOR_DEFINITIONS = (
					"DEBUG=1",
					"$(inherited)",
				);
				GCC_WARN_64_TO_32_BIT_CONVERSION = YES;
				GCC_WARN_ABOUT_RETURN_TYPE = YES_ERROR;
				GCC_WARN_UNDECLARED_SELECTOR = YES;
				GCC_WARN_UNINITIALIZED_AUTOS = YES_AGGRESSIVE;
				GCC_WARN_UNUSED_FUNCTION = YES;
				GCC_WARN_UNUSED_VARIABLE = YES;
				LOCALIZATION_PREFERS_STRING_CATALOGS = YES;
				MACOSX_DEPLOYMENT_TARGET = 14.0;
				MTL_ENABLE_DEBUG_INFO = INCLUDE_SOURCE;
				MTL_FAST_MATH = YES;
				ONLY_ACTIVE_ARCH = YES;
				SDKROOT = macosx14.0;
				SWIFT_ACTIVE_COMPILATION_CONDITIONS = "DEBUG $(inherited)";
				SWIFT_OPTIMIZATION_LEVEL = "-Onone";
			};
			name = Debug;
		};
		011B14642ADE1665000822F4 /* Release */ = {
			isa = XCBuildConfiguration;
			buildSettings = {
				ALWAYS_SEARCH_USER_PATHS = NO;
				ASSETCATALOG_COMPILER_GENERATE_SWIFT_ASSET_SYMBOL_EXTENSIONS = YES;
				CLANG_ANALYZER_NONNULL = YES;
				CLANG_ANALYZER_NUMBER_OBJECT_CONVERSION = YES_AGGRESSIVE;
				CLANG_CXX_LANGUAGE_STANDARD = "gnu++20";
				CLANG_ENABLE_MODULES = YES;
				CLANG_ENABLE_OBJC_ARC = YES;
				CLANG_ENABLE_OBJC_WEAK = YES;
				CLANG_WARN_BLOCK_CAPTURE_AUTORELEASING = YES;
				CLANG_WARN_BOOL_CONVERSION = YES;
				CLANG_WARN_COMMA = YES;
				CLANG_WARN_CONSTANT_CONVERSION = YES;
				CLANG_WARN_DEPRECATED_OBJC_IMPLEMENTATIONS = YES;
				CLANG_WARN_DIRECT_OBJC_ISA_USAGE = YES_ERROR;
				CLANG_WARN_DOCUMENTATION_COMMENTS = YES;
				CLANG_WARN_EMPTY_BODY = YES;
				CLANG_WARN_ENUM_CONVERSION = YES;
				CLANG_WARN_INFINITE_RECURSION = YES;
				CLANG_WARN_INT_CONVERSION = YES;
				CLANG_WARN_NON_LITERAL_NULL_CONVERSION = YES;
				CLANG_WARN_OBJC_IMPLICIT_RETAIN_SELF = YES;
				CLANG_WARN_OBJC_LITERAL_CONVERSION = YES;
				CLANG_WARN_OBJC_ROOT_CLASS = YES_ERROR;
				CLANG_WARN_QUOTED_INCLUDE_IN_FRAMEWORK_HEADER = YES;
				CLANG_WARN_RANGE_LOOP_ANALYSIS = YES;
				CLANG_WARN_STRICT_PROTOTYPES = YES;
				CLANG_WARN_SUSPICIOUS_MOVE = YES;
				CLANG_WARN_UNGUARDED_AVAILABILITY = YES_AGGRESSIVE;
				CLANG_WARN_UNREACHABLE_CODE = YES;
				CLANG_WARN__DUPLICATE_METHOD_MATCH = YES;
				COPY_PHASE_STRIP = NO;
				DEBUG_INFORMATION_FORMAT = "dwarf-with-dsym";
				ENABLE_NS_ASSERTIONS = NO;
				ENABLE_STRICT_OBJC_MSGSEND = YES;
				ENABLE_USER_SCRIPT_SANDBOXING = YES;
				GCC_C_LANGUAGE_STANDARD = gnu17;
				GCC_NO_COMMON_BLOCKS = YES;
				GCC_WARN_64_TO_32_BIT_CONVERSION = YES;
				GCC_WARN_ABOUT_RETURN_TYPE = YES_ERROR;
				GCC_WARN_UNDECLARED_SELECTOR = YES;
				GCC_WARN_UNINITIALIZED_AUTOS = YES_AGGRESSIVE;
				GCC_WARN_UNUSED_FUNCTION = YES;
				GCC_WARN_UNUSED_VARIABLE = YES;
				LOCALIZATION_PREFERS_STRING_CATALOGS = YES;
				MACOSX_DEPLOYMENT_TARGET = 14.0;
				MTL_ENABLE_DEBUG_INFO = NO;
				MTL_FAST_MATH = YES;
				SDKROOT = macosx14.0;
				SWIFT_COMPILATION_MODE = wholemodule;
			};
			name = Release;
		};
		011B14662ADE1665000822F4 /* Debug */ = {
			isa = XCBuildConfiguration;
			buildSettings = {
				ASSETCATALOG_COMPILER_APPICON_NAME = AppIcon;
				ASSETCATALOG_COMPILER_GLOBAL_ACCENT_COLOR_NAME = AccentColor;
				CODE_SIGN_ENTITLEMENTS = archipelago2/archipelago2.entitlements;
				CODE_SIGN_IDENTITY = "Apple Development";
				"CODE_SIGN_IDENTITY[sdk=macosx*]" = "-";
				CODE_SIGN_STYLE = Automatic;
				COMBINE_HIDPI_IMAGES = YES;
				CURRENT_PROJECT_VERSION = 6.0.0;
				DEVELOPMENT_TEAM = "";
				ENABLE_HARDENED_RUNTIME = YES;
				GENERATE_INFOPLIST_FILE = YES;
				INFOPLIST_FILE = archipelago2/Info.plist;
				INFOPLIST_KEY_NSHumanReadableCopyright = "";
				INFOPLIST_KEY_NSMainStoryboardFile = Main;
				INFOPLIST_KEY_NSPrincipalClass = NSApplication;
				LD_RUNPATH_SEARCH_PATHS = (
					"$(inherited)",
					"@executable_path/../Frameworks",
				);
				MARKETING_VERSION = 6.0.0;
				PRODUCT_BUNDLE_IDENTIFIER = dev.archipelago;
				PRODUCT_NAME = "$(TARGET_NAME)";
				PROVISIONING_PROFILE_SPECIFIER = "";
				SWIFT_EMIT_LOC_STRINGS = YES;
				SWIFT_VERSION = 5.0;
			};
			name = Debug;
		};
		011B14672ADE1665000822F4 /* Release */ = {
			isa = XCBuildConfiguration;
			buildSettings = {
				ASSETCATALOG_COMPILER_APPICON_NAME = AppIcon;
				ASSETCATALOG_COMPILER_GLOBAL_ACCENT_COLOR_NAME = AccentColor;
				CODE_SIGN_ENTITLEMENTS = archipelago2/archipelago2Release.entitlements;
				CODE_SIGN_IDENTITY = "Apple Development";
				"CODE_SIGN_IDENTITY[sdk=macosx*]" = "-";
				CODE_SIGN_STYLE = Automatic;
				COMBINE_HIDPI_IMAGES = YES;
				CURRENT_PROJECT_VERSION = 6.0.0;
				DEVELOPMENT_TEAM = "";
				ENABLE_HARDENED_RUNTIME = YES;
				GENERATE_INFOPLIST_FILE = YES;
				INFOPLIST_FILE = archipelago2/Info.plist;
				INFOPLIST_KEY_NSHumanReadableCopyright = "";
				INFOPLIST_KEY_NSMainStoryboardFile = Main;
				INFOPLIST_KEY_NSPrincipalClass = NSApplication;
				LD_RUNPATH_SEARCH_PATHS = (
					"$(inherited)",
					"@executable_path/../Frameworks",
				);
				MARKETING_VERSION = 6.0.0;
				PRODUCT_BUNDLE_IDENTIFIER = dev.archipelago;
				PRODUCT_NAME = "$(TARGET_NAME)";
				PROVISIONING_PROFILE_SPECIFIER = "";
				SWIFT_EMIT_LOC_STRINGS = YES;
				SWIFT_VERSION = 5.0;
			};
			name = Release;
		};
		011B14692ADE1665000822F4 /* Debug */ = {
			isa = XCBuildConfiguration;
			buildSettings = {
				ALWAYS_EMBED_SWIFT_STANDARD_LIBRARIES = YES;
				BUNDLE_LOADER = "$(TEST_HOST)";
				CODE_SIGN_STYLE = Automatic;
				CURRENT_PROJECT_VERSION = 1;
				DEVELOPMENT_TEAM = 4K4322K3MA;
				GENERATE_INFOPLIST_FILE = YES;
				MACOSX_DEPLOYMENT_TARGET = 14.0;
				MARKETING_VERSION = 1.0;
				PRODUCT_BUNDLE_IDENTIFIER = co.pezza.archipelago2Tests;
				PRODUCT_NAME = "$(TARGET_NAME)";
				SWIFT_EMIT_LOC_STRINGS = NO;
				SWIFT_VERSION = 5.0;
				TEST_HOST = "$(BUILT_PRODUCTS_DIR)/Archipelago.app/$(BUNDLE_EXECUTABLE_FOLDER_PATH)/Archipelago";
			};
			name = Debug;
		};
		011B146A2ADE1665000822F4 /* Release */ = {
			isa = XCBuildConfiguration;
			buildSettings = {
				ALWAYS_EMBED_SWIFT_STANDARD_LIBRARIES = YES;
				BUNDLE_LOADER = "$(TEST_HOST)";
				CODE_SIGN_STYLE = Automatic;
				CURRENT_PROJECT_VERSION = 1;
				DEVELOPMENT_TEAM = 4K4322K3MA;
				GENERATE_INFOPLIST_FILE = YES;
				MACOSX_DEPLOYMENT_TARGET = 14.0;
				MARKETING_VERSION = 1.0;
				PRODUCT_BUNDLE_IDENTIFIER = co.pezza.archipelago2Tests;
				PRODUCT_NAME = "$(TARGET_NAME)";
				SWIFT_EMIT_LOC_STRINGS = NO;
				SWIFT_VERSION = 5.0;
				TEST_HOST = "$(BUILT_PRODUCTS_DIR)/Archipelago.app/$(BUNDLE_EXECUTABLE_FOLDER_PATH)/Archipelago";
			};
			name = Release;
		};
		011B146C2ADE1665000822F4 /* Debug */ = {
			isa = XCBuildConfiguration;
			buildSettings = {
				ALWAYS_EMBED_SWIFT_STANDARD_LIBRARIES = YES;
				CODE_SIGN_STYLE = Automatic;
				CURRENT_PROJECT_VERSION = 1;
				DEVELOPMENT_TEAM = 4K4322K3MA;
				GENERATE_INFOPLIST_FILE = YES;
				MARKETING_VERSION = 1.0;
				PRODUCT_BUNDLE_IDENTIFIER = co.pezza.archipelago2UITests;
				PRODUCT_NAME = "$(TARGET_NAME)";
				SWIFT_EMIT_LOC_STRINGS = NO;
				SWIFT_VERSION = 5.0;
				TEST_TARGET_NAME = archipelago2;
			};
			name = Debug;
		};
		011B146D2ADE1665000822F4 /* Release */ = {
			isa = XCBuildConfiguration;
			buildSettings = {
				ALWAYS_EMBED_SWIFT_STANDARD_LIBRARIES = YES;
				CODE_SIGN_STYLE = Automatic;
				CURRENT_PROJECT_VERSION = 1;
				DEVELOPMENT_TEAM = 4K4322K3MA;
				GENERATE_INFOPLIST_FILE = YES;
				MARKETING_VERSION = 1.0;
				PRODUCT_BUNDLE_IDENTIFIER = co.pezza.archipelago2UITests;
				PRODUCT_NAME = "$(TARGET_NAME)";
				SWIFT_EMIT_LOC_STRINGS = NO;
				SWIFT_VERSION = 5.0;
				TEST_TARGET_NAME = archipelago2;
			};
			name = Release;
		};
/* End XCBuildConfiguration section */

/* Begin XCConfigurationList section */
		011B14382ADE1664000822F4 /* Build configuration list for PBXProject "Archipelago" */ = {
			isa = XCConfigurationList;
			buildConfigurations = (
				011B14632ADE1665000822F4 /* Debug */,
				011B14642ADE1665000822F4 /* Release */,
			);
			defaultConfigurationIsVisible = 0;
			defaultConfigurationName = Release;
		};
		011B14652ADE1665000822F4 /* Build configuration list for PBXNativeTarget "Archipelago" */ = {
			isa = XCConfigurationList;
			buildConfigurations = (
				011B14662ADE1665000822F4 /* Debug */,
				011B14672ADE1665000822F4 /* Release */,
			);
			defaultConfigurationIsVisible = 0;
			defaultConfigurationName = Release;
		};
		011B14682ADE1665000822F4 /* Build configuration list for PBXNativeTarget "ArchipelagoTests" */ = {
			isa = XCConfigurationList;
			buildConfigurations = (
				011B14692ADE1665000822F4 /* Debug */,
				011B146A2ADE1665000822F4 /* Release */,
			);
			defaultConfigurationIsVisible = 0;
			defaultConfigurationName = Release;
		};
		011B146B2ADE1665000822F4 /* Build configuration list for PBXNativeTarget "ArchipelagoUITests" */ = {
			isa = XCConfigurationList;
			buildConfigurations = (
				011B146C2ADE1665000822F4 /* Debug */,
				011B146D2ADE1665000822F4 /* Release */,
			);
			defaultConfigurationIsVisible = 0;
			defaultConfigurationName = Release;
		};
/* End XCConfigurationList section */

/* Begin XCRemoteSwiftPackageReference section */
		01108D8C2ADE2ADB00603FBF /* XCRemoteSwiftPackageReference "strada-ios" */ = {
			isa = XCRemoteSwiftPackageReference;
			repositoryURL = "https://github.com/npezza93/strada-ios/";
			requirement = {
				branch = main;
				kind = branch;
			};
		};
/* End XCRemoteSwiftPackageReference section */

/* Begin XCSwiftPackageProductDependency section */
		01108D8D2ADE2ADB00603FBF /* Strada */ = {
			isa = XCSwiftPackageProductDependency;
			package = 01108D8C2ADE2ADB00603FBF /* XCRemoteSwiftPackageReference "strada-ios" */;
			productName = Strada;
		};
/* End XCSwiftPackageProductDependency section */
	};
	rootObject = 011B14352ADE1664000822F4 /* Project object */;
}
